
Microsoft Visual Studio Solution File, Format Version 12.00
# Visual Studio Version 16
VisualStudioVersion = 16.0.30804.86
MinimumVisualStudioVersion = 10.0.40219.1
Project("{9A19103F-16F7-4668-BE54-9A1E7A4F7556}") = "Master.Database.Management.ServerlessApi", "Master.Database.Management.ServerlessApi\Master.Database.Management.ServerlessApi.csproj", "{A2C94ECF-D04F-4CB2-83D7-B423F19D245E}"
EndProject
Project("{9A19103F-16F7-4668-BE54-9A1E7A4F7556}") = "Master.Database.Management.DataLayer", "Master.Database.Management.DataLayer\Master.Database.Management.DataLayer.csproj", "{ED5D04CF-9ABA-4DC8-92A1-9A9D8543826A}"
EndProject
Project("{9A19103F-16F7-4668-BE54-9A1E7A4F7556}") = "Master.Database.Management.ServerlessApi.UnitTests", "Master.Database.Management.ServerlessApi.UnitTests\Master.Database.Management.ServerlessApi.UnitTests.csproj", "{1E26213C-C1F6-42C6-8F05-F2646D6EB565}"
EndProject
Global
	GlobalSection(SolutionConfigurationPlatforms) = preSolution
		Debug|Any CPU = Debug|Any CPU
		Release|Any CPU = Release|Any CPU
	EndGlobalSection
	GlobalSection(ProjectConfigurationPlatforms) = postSolution
		{A2C94ECF-D04F-4CB2-83D7-B423F19D245E}.Debug|Any CPU.ActiveCfg = Debug|Any CPU
		{A2C94ECF-D04F-4CB2-83D7-B423F19D245E}.Debug|Any CPU.Build.0 = Debug|Any CPU
		{A2C94ECF-D04F-4CB2-83D7-B423F19D245E}.Release|Any CPU.ActiveCfg = Release|Any CPU
		{A2C94ECF-D04F-4CB2-83D7-B423F19D245E}.Release|Any CPU.Build.0 = Release|Any CPU
		{ED5D04CF-9ABA-4DC8-92A1-9A9D8543826A}.Debug|Any CPU.ActiveCfg = Debug|Any CPU
		{ED5D04CF-9ABA-4DC8-92A1-9A9D8543826A}.Debug|Any CPU.Build.0 = Debug|Any CPU
		{ED5D04CF-9ABA-4DC8-92A1-9A9D8543826A}.Release|Any CPU.ActiveCfg = Release|Any CPU
		{ED5D04CF-9ABA-4DC8-92A1-9A9D8543826A}.Release|Any CPU.Build.0 = Release|Any CPU
		{1E26213C-C1F6-42C6-8F05-F2646D6EB565}.Debug|Any CPU.ActiveCfg = Debug|Any CPU
		{1E26213C-C1F6-42C6-8F05-F2646D6EB565}.Debug|Any CPU.Build.0 = Debug|Any CPU
		{1E26213C-C1F6-42C6-8F05-F2646D6EB565}.Release|Any CPU.ActiveCfg = Release|Any CPU
		{1E26213C-C1F6-42C6-8F05-F2646D6EB565}.Release|Any CPU.Build.0 = Release|Any CPU
	EndGlobalSection
	GlobalSection(SolutionProperties) = preSolution
		HideSolutionNode = FALSE
	EndGlobalSection
	GlobalSection(ExtensibilityGlobals) = postSolution
		SolutionGuid = {DFE89DDA-BF52-4CC2-A348-DEDD5D48BA01}
	EndGlobalSection
EndGlobal
